{
    "_meta": {
        "hash": {
<<<<<<< Updated upstream
            "sha256": "1efae2abe0bbb0bcf414599b8121dbb91459db3a4ebc81e05775afdecddf7046"
=======
            "sha256": "48c9cf28268487693df0feb4677d2c9fa7056016c2898b4bf93660d59611dc73"
>>>>>>> Stashed changes
        },
        "pipfile-spec": 6,
        "requires": {
            "python_version": "3.7"
        },
        "sources": [
            {
                "name": "pypi",
                "url": "https://pypi.org/simple",
                "verify_ssl": true
            }
        ]
    },
    "default": {
<<<<<<< Updated upstream
        "btrees": {
            "hashes": [
                "sha256:00184658f44a7ffee63f3025064b8e6dff0e15017a333bec5764db96a8105afe",
                "sha256:03fac05d577e828bfca57e75e68758ab0ad6a3ca729654c46615160a6d22fb7b",
                "sha256:0bb33f9934e2da2a96286364ea45f0c14b5cbef06a5bc470d1e4a65fff206f5f",
                "sha256:0d99375d90702784dfb2de73a5bffabbfa7e2360552f07390ddd51a1fd4aa628",
                "sha256:125da38910d7824361daaf0b3ee4ef0dde503500c6411ef9ff9ab885fc16fb1c",
                "sha256:1b5281040aaba7b713ad7ae39a251c3eeaee611413debeea8951d27839c09367",
                "sha256:2223996cfd33a54a05fa554aa59d1c87a45a8b3324e61e202e9ba30e9b237fad",
                "sha256:24d8d17f623004962ed9465fe93e22333dd6c046942461c45ff9b86ef38af369",
                "sha256:2acad394a6cf02277696a43f5d46a560565941ff2b729170bf13758724cbec21",
                "sha256:416c31c22a6a53a1a34d392319397048b00d1f99036399630634526e4caab7ba",
                "sha256:429f7c5b839935fe57ef84e149eb955602139accfcc20d284aa02253bf84dcd6",
                "sha256:64ab1f1075b853cbf7ab7a137619eadefc0119d6ad89ab9c21b2db44de56075b",
                "sha256:68f4f5d7b737c37fd96424d4ce5056b79ec540ea558a5ebf48f1dd9e98863c7e",
                "sha256:728f74faada31ff4f181f1c4a5edfe8c2c63f06318457552fabf9aba4bbda79f",
                "sha256:73b585737af603a509600e1de3ec51022db6e24728c4d47d14c9240436611e4a",
                "sha256:7c02e633d763e6a98af86eb5cc1517826cb717e86ea4daba60cd2674a48bf704",
                "sha256:86528547a9aacb4d9f1883a3ec0534ecc2ad819d0e65aa6f8a425e0cfa5a21c6",
                "sha256:9fbc8cf9c81c1ccbb87c4f45027e14c7875ca243238afd671fea8b0b9a384653",
                "sha256:a0ab5431c2b9f041a1b6a3d58c368e123c54c692dbb0e7dfce2fa2a40ecdd5c9",
                "sha256:a9c3ade43191655e7b45fd2ccb79e6b9ef0a4c4f15b9bdee7d3893c3e9333f14",
                "sha256:bed965c1d2f4b84f7e4a23f0ccc2c3bb1c8d5c011ce338692fcd6d79095be6d1",
                "sha256:c392818ac04a8a7832a20894d9c76096a409a7761d9a83fc6c8e0dc8854cd12e",
                "sha256:d0b5097f12391e5c1745cc230daedd55d04b68b7c65f7544933335bfb761e911",
                "sha256:d203ac51328629397a66cd855429cd71bc1ad81506be3d93b01e75eefce43be8",
                "sha256:d977b39821331c8aab16ce9635eabc2287d3f26d9c6a76dfd29e55c8e58ffc48",
                "sha256:dcc096c3cf92efd6b9365951f89118fd30bc209c9af83bf050a28151a9992786",
                "sha256:e8f9019ec9485312d2c7bfacb6d2cb6c7af8a93f308f0ec229170b10bfd7a243",
                "sha256:fae16e7597f9a5f87c88dfbf582cd2f14a04b440b5249c23c415e63f6927fc10"
            ],
            "version": "==4.5.1"
=======
        "babel": {
            "hashes": [
                "sha256:6778d85147d5d85345c14a26aada5e478ab04e39b078b0745ee6870c2b5cf669",
                "sha256:8cba50f48c529ca3fa18cf81fa9403be176d374ac4d60738b839122dfaaa3d23"
            ],
            "version": "==2.6.0"
        },
        "blinker": {
            "hashes": [
                "sha256:471aee25f3992bd325afa3772f1063dbdbbca947a041b8b89466dc00d606f8b6"
            ],
            "version": "==1.4"
>>>>>>> Stashed changes
        },
        "click": {
            "hashes": [
                "sha256:2335065e6395b9e67ca716de5f7526736bfa6ceead690adf616d925bdc622b13",
                "sha256:5b94b49521f6456670fdb30cd82a4eca9412788a93fa6dd6df72c94d5a8ff2d7"
            ],
            "version": "==7.0"
        },
        "flask": {
            "hashes": [
                "sha256:2271c0070dbcb5275fad4a82e29f23ab92682dc45f9dfbc22c02ba9b9322ce48",
                "sha256:a080b744b7e345ccfcbc77954861cb05b3c63786e93f2b3875e0913d44b43f05"
            ],
            "index": "pypi",
            "version": "==1.0.2"
        },
        "flask-babelex": {
            "hashes": [
                "sha256:cf79cdedb5ce860166120136b0e059e9d97b8df07a3bc2411f6243de04b754b4"
            ],
            "version": "==0.9.3"
        },
        "flask-caching": {
            "hashes": [
                "sha256:8c592ca7607545dc349babc5f8bdd7ca0c3aba467ce44a35f35b80aa23bf3b5f",
                "sha256:be7e4896ec212365a8ed53cb8658a2e2f2b4f4d143101360214fcd96fa632f18"
            ],
            "index": "pypi",
            "version": "==1.5.0"
        },
        "flask-compress": {
            "hashes": [
                "sha256:468693f4ddd11ac6a41bca4eb5f94b071b763256d54136f77957cfee635badb3"
            ],
            "index": "pypi",
            "version": "==1.4.0"
        },
        "flask-login": {
            "hashes": [
                "sha256:c815c1ac7b3e35e2081685e389a665f2c74d7e077cb93cecabaea352da4752ec"
            ],
            "index": "pypi",
            "version": "==0.4.1"
        },
        "flask-mail": {
            "hashes": [
                "sha256:22e5eb9a940bf407bcf30410ecc3708f3c56cc44b29c34e1726fe85006935f41"
            ],
            "index": "pypi",
            "version": "==0.9.1"
        },
        "flask-principal": {
            "hashes": [
                "sha256:f5d6134b5caebfdbb86f32d56d18ee44b080876a27269560a96ea35f75c99453"
            ],
            "index": "pypi",
            "version": "==0.4.0"
        },
        "flask-security": {
            "hashes": [
                "sha256:d61daa5f5a48f89f30f50555872bdf581b2c65804668b0313345cd7beff26432",
                "sha256:ef837c03558db41335c8dabd16ae4977af0a5ef0c2cdecf738e33ef5202ce489"
            ],
            "index": "pypi",
            "version": "==3.0.0"
        },
        "flask-sqlalchemy": {
            "hashes": [
                "sha256:3bc0fac969dd8c0ace01b32060f0c729565293302f0c4269beed154b46bec50b",
                "sha256:5971b9852b5888655f11db634e87725a9031e170f37c0ce7851cf83497f56e53"
            ],
            "index": "pypi",
            "version": "==2.3.2"
        },
        "flask-wtf": {
            "hashes": [
                "sha256:5d14d55cfd35f613d99ee7cba0fc3fbbe63ba02f544d349158c14ca15561cc36",
                "sha256:d9a9e366b32dcbb98ef17228e76be15702cd2600675668bca23f63a7947fd5ac"
            ],
            "index": "pypi",
            "version": "==0.14.2"
        },
        "itsdangerous": {
            "hashes": [
                "sha256:321b033d07f2a4136d3ec762eac9f16a10ccd60f53c0c91af90217ace7ba1f19",
                "sha256:b12271b2047cb23eeb98c8b5622e2e5c5e9abd9784a153e9d8ef9cb4dd09d749"
            ],
            "version": "==1.1.0"
        },
        "jinja2": {
            "hashes": [
                "sha256:74c935a1b8bb9a3947c50a54766a969d4846290e1e788ea44c1392163723c3bd",
                "sha256:f84be1bb0040caca4cea721fcbbbbd61f9be9464ca236387158b0feea01914a4"
            ],
            "index": "pypi",
            "version": "==2.10"
        },
        "markupsafe": {
            "hashes": [
                "sha256:00bc623926325b26bb9605ae9eae8a215691f33cae5df11ca5424f06f2d1f473",
                "sha256:09027a7803a62ca78792ad89403b1b7a73a01c8cb65909cd876f7fcebd79b161",
                "sha256:09c4b7f37d6c648cb13f9230d847adf22f8171b1ccc4d5682398e77f40309235",
                "sha256:1027c282dad077d0bae18be6794e6b6b8c91d58ed8a8d89a89d59693b9131db5",
                "sha256:24982cc2533820871eba85ba648cd53d8623687ff11cbb805be4ff7b4c971aff",
                "sha256:29872e92839765e546828bb7754a68c418d927cd064fd4708fab9fe9c8bb116b",
                "sha256:43a55c2930bbc139570ac2452adf3d70cdbb3cfe5912c71cdce1c2c6bbd9c5d1",
                "sha256:46c99d2de99945ec5cb54f23c8cd5689f6d7177305ebff350a58ce5f8de1669e",
                "sha256:500d4957e52ddc3351cabf489e79c91c17f6e0899158447047588650b5e69183",
                "sha256:535f6fc4d397c1563d08b88e485c3496cf5784e927af890fb3c3aac7f933ec66",
                "sha256:62fe6c95e3ec8a7fad637b7f3d372c15ec1caa01ab47926cfdf7a75b40e0eac1",
                "sha256:6dd73240d2af64df90aa7c4e7481e23825ea70af4b4922f8ede5b9e35f78a3b1",
                "sha256:717ba8fe3ae9cc0006d7c451f0bb265ee07739daf76355d06366154ee68d221e",
                "sha256:79855e1c5b8da654cf486b830bd42c06e8780cea587384cf6545b7d9ac013a0b",
                "sha256:7c1699dfe0cf8ff607dbdcc1e9b9af1755371f92a68f706051cc8c37d447c905",
                "sha256:88e5fcfb52ee7b911e8bb6d6aa2fd21fbecc674eadd44118a9cc3863f938e735",
                "sha256:8defac2f2ccd6805ebf65f5eeb132adcf2ab57aa11fdf4c0dd5169a004710e7d",
                "sha256:98c7086708b163d425c67c7a91bad6e466bb99d797aa64f965e9d25c12111a5e",
                "sha256:9add70b36c5666a2ed02b43b335fe19002ee5235efd4b8a89bfcf9005bebac0d",
                "sha256:9bf40443012702a1d2070043cb6291650a0841ece432556f784f004937f0f32c",
                "sha256:ade5e387d2ad0d7ebf59146cc00c8044acbd863725f887353a10df825fc8ae21",
                "sha256:b00c1de48212e4cc9603895652c5c410df699856a2853135b3967591e4beebc2",
                "sha256:b1282f8c00509d99fef04d8ba936b156d419be841854fe901d8ae224c59f0be5",
                "sha256:b2051432115498d3562c084a49bba65d97cf251f5a331c64a12ee7e04dacc51b",
                "sha256:ba59edeaa2fc6114428f1637ffff42da1e311e29382d81b339c1817d37ec93c6",
                "sha256:c8716a48d94b06bb3b2524c2b77e055fb313aeb4ea620c8dd03a105574ba704f",
                "sha256:cd5df75523866410809ca100dc9681e301e3c27567cf498077e8551b6d20e42f",
                "sha256:e249096428b3ae81b08327a63a485ad0878de3fb939049038579ac0ef61e17e7"
            ],
            "version": "==1.1.1"
        },
        "passlib": {
            "hashes": [
                "sha256:3d948f64138c25633613f303bcc471126eae67c04d5e3f6b7b8ce6242f8653e0",
                "sha256:43526aea08fa32c6b6dbbbe9963c4c767285b78147b7437597f992812f69d280"
            ],
            "version": "==1.7.1"
        },
        "pytz": {
            "hashes": [
                "sha256:32b0891edff07e28efe91284ed9c31e123d84bea3fd98e1f72be2508f43ef8d9",
                "sha256:d5f05e487007e29e03409f9398d074e158d920d36eb82eaf66fb1136b0c5374c"
            ],
            "version": "==2018.9"
        },
        "speaklater": {
            "hashes": [
                "sha256:59fea336d0eed38c1f0bf3181ee1222d0ef45f3a9dd34ebe65e6bfffdd6a65a9"
            ],
            "version": "==1.3"
        },
        "sqlalchemy": {
            "hashes": [
                "sha256:8027fa183f5be466030617a497b2d64e0e16c8d615e5a34bdf9fab6f66bf4723"
            ],
            "index": "pypi",
            "version": "==1.2.18"
        },
        "persistent": {
            "hashes": [
                "sha256:0cb01d465fa38834ccfbf6e0221e8ca4423e3b5bd0e57a5184c7200724ec87dd",
                "sha256:0dee103f45f973864342bdc5391ad49f348fb769f1e0d9db555b41adddfaee2f",
                "sha256:19f8626d9356ad33ac9c15f36db34c6a67a43e056868c5c6888d52d6d0d15e93",
                "sha256:1cf2ebe71bbb2e13f89a05b495ce1cc6bc82cb97b2637e5212b3bce5b636c6d8",
                "sha256:26750c923945a90194ef21a68e816e72b26c099051f2b1533dc7f9ba383824ad",
                "sha256:364d1973b8633eb3b8998caf4dc78fcaa6222a5d9555ae70f151ad931b9bec04",
                "sha256:463502049882394e5a552b3911903c26b6eab371e96da852063b01134326267f",
                "sha256:53cdf664708c53072130485c6646b00162a246bd64db850895d1944394c1897d",
                "sha256:5914a8299428b5a4e6f81ee692768584e4efaadc959fcaf4bd759ffe813e8a43",
                "sha256:5c2cb1041d306a0a6f4ece13281f56792d8d739c12ae2aeff7bada9ff687177b",
                "sha256:5e9501d9e7663789a07d0a64d6f7d88858a5b4dac96d65a2aa3af2be09a1c766",
                "sha256:6765eab176cde56a492666952b97eaaa79742e5e6fc17efcd1b6d0be9d471116",
                "sha256:8f7f840365913a01eedd8ae706578fda613c71ecc21595d563d28f408d69beb2",
                "sha256:9a9767803a0cdbce8fab6c9719d877ec56410a363b30baf4f35c3ff3d1495169",
                "sha256:a97d94663264e765ddd3fe7246e47e0b74e54b0fa5ab1e3de1404ff91e89ceaf",
                "sha256:b1d77fa947f03f23802061db874914f2951db24786e2fd63339165877e5fb03e",
                "sha256:d49b0fb3edb2ebd288c9877c09c08035ba57e1cc91cf8dd0599a6a578bbe474d"
            ],
            "version": "==4.4.3"
        },
        "six": {
            "hashes": [
                "sha256:3350809f0555b11f552448330d0b52d5f24c91a322ea4a15ef22629740f3761c",
                "sha256:d16a0141ec1a18405cd4ce8b4613101da75da0e9a7aec5bdd4fa804d0e0eba73"
            ],
            "version": "==1.12.0"
        },
        "transaction": {
            "hashes": [
                "sha256:726059c461b9ec4e69e5bead6680667a3db01bf2adf901f23e4031228a0f9f9f",
                "sha256:b96a5e9aaa73f905759bc9ccf0021bf4864c01ac36666e0d28395e871f6d584a"
            ],
            "version": "==2.4.0"
        },
        "werkzeug": {
            "hashes": [
                "sha256:c3fd7a7d41976d9f44db327260e263132466836cef6f91512889ed60ad26557c",
                "sha256:d5da73735293558eb1651ee2fddc4d0dedcfa06538b8813a2e20011583c9e49b"
            ],
            "index": "pypi",
            "version": "==0.14.1"
        },
<<<<<<< Updated upstream
        "zc.lockfile": {
            "hashes": [
                "sha256:95a8e3846937ab2991b61703d6e0251d5abb9604e18412e2714e1b90db173253"
            ],
            "version": "==1.4"
        },
        "zconfig": {
            "hashes": [
                "sha256:560f779c7dcca0593083cbdb3fac9bfc7974cd5061363e2254844192e5644998",
                "sha256:db23bb0c493593ff04f3474b937758c72a01878910bcaa34b1e4e5971c07f090"
            ],
            "version": "==3.4.0"
        },
        "zodb": {
            "hashes": [
                "sha256:20155942fa326e89ad8544225bafd74237af332ce9d7c7105a22318fe8269666",
                "sha256:7b25ecb452033e1b26be30ec5a65ebb004044c9ed4312d62f94b0d0de8e185b5"
            ],
            "index": "pypi",
            "version": "==5.5.1"
        },
        "zodbpickle": {
            "hashes": [
                "sha256:151531eb995fdc55d03b83c4c526053cbe279ee2d706ac605a17f8645f0bb4fb",
                "sha256:44c87aef6e55f7e652f3249ff9ce7735ce4cf9902c58763dba240b6564eca4ce",
                "sha256:55f62460652fe4835b790d58ec5f5c70caca151fb9ac834d45c1b0b17d67ff6e",
                "sha256:6da9aa57b7d39854fadaf8eae46a10ace61fcd830757ad028767faef780a6051",
                "sha256:7390e8c604b37552a917dfeacc1c563f95c2e1e63956fabf15c0662dde4def8a",
                "sha256:7e0e694718aaad4ac0aa6e7689e6c1023a87df7192a605e5d42caef76ea3be54",
                "sha256:89d09bd0a40c76f98301e9705f9111672f6e49684c2c138f3dcecd7bd56348f2",
                "sha256:8bc6c85fd149cc38cb2cdda708ccad6573569b968ae07e38d93686f0b470b818",
                "sha256:8ec08f2e0adfe6b0905356493d0deb58f87c11fa0336d823ae22e125435c0440",
                "sha256:a29e6691c413910d66a73d410e75cfb37d5dfe689c6266e931707be4a3808a16",
                "sha256:a975ecde3f76095bd443f8cae9b659680eb24f52232a3abca7b69cfa7fdaecff",
                "sha256:ab140b34df795239068b4dcd5e42fa55fd3c1303e54a61fa5146a51b98f61bad",
                "sha256:adb31b824c40c2c7348c35bf927e97cc31518fc6d7ffc7c68345fd530625015d",
                "sha256:affbe5d75e63e2f501ce6d40847ad5d6e0f6fddb66d83c9376282d37263449e7",
                "sha256:b81bf0cd470fbe7f4eb4b47d288797db5eb699b2eb07fb3f844cd4daa6e06632",
                "sha256:c0bb4f330707f69bb3baa599815f5a036aaca8f2530acbcf84b9a4ae6859dd9c",
                "sha256:ca27df6cc27ed71bbcb231ad7cae3bc51a87294492db26f9b32cd036f1773e52",
                "sha256:ce435e45ceea444819157a665d4bccaf37a521d9c0fdc22406773ead49d983b3",
                "sha256:d8303b55a05e97d9becdac7aaad6e214f8ff2baeed6acbb3410e6c7bdbd4f165",
                "sha256:d9a9fd6c6096f68c345d0ab05f3af2516883e89cc619dfc70dff1fd90509c5dc",
                "sha256:df81226438e4eac1a0c073c9dee96e0a119b94b8eefe8d51761a93efd79cc380",
                "sha256:e211b90e319587ca3e038b85e3b87b66766ed4886d62cf2742a7d01cbdfe19ce",
                "sha256:e4b78b75874c9e2328614f81d8103a5ae6d5001e254875ded2d04e7561913096",
                "sha256:ec4c2a3e2137fb37873d8cc76cc3ab7412dd1a3cde56279fc5992635f330792b",
                "sha256:ed13fc8a0312e5cfd3965d6241fc8398f2f8b0849b975ba65f0e5ab336e538e0",
                "sha256:edd0ca560b2cba0d91d82f1d054218b9fa064be391cfb138e373ab0cf1f0e056",
                "sha256:edde7a22675de3ec029917205bb49ff53f338aa5f2536204229128270c021ee5",
                "sha256:fbebb035641386ce794d3a9ceb4e12ca47d8b0b7adade39f81ce877827098fb6"
            ],
            "version": "==1.0.3"
        },
        "zope.interface": {
            "hashes": [
                "sha256:086707e0f413ff8800d9c4bc26e174f7ee4c9c8b0302fbad68d083071822316c",
                "sha256:1157b1ec2a1f5bf45668421e3955c60c610e31913cc695b407a574efdbae1f7b",
                "sha256:11ebddf765bff3bbe8dbce10c86884d87f90ed66ee410a7e6c392086e2c63d02",
                "sha256:14b242d53f6f35c2d07aa2c0e13ccb710392bcd203e1b82a1828d216f6f6b11f",
                "sha256:1b3d0dcabc7c90b470e59e38a9acaa361be43b3a6ea644c0063951964717f0e5",
                "sha256:20a12ab46a7e72b89ce0671e7d7a6c3c1ca2c2766ac98112f78c5bddaa6e4375",
                "sha256:298f82c0ab1b182bd1f34f347ea97dde0fffb9ecf850ecf7f8904b8442a07487",
                "sha256:2f6175722da6f23dbfc76c26c241b67b020e1e83ec7fe93c9e5d3dd18667ada2",
                "sha256:3b877de633a0f6d81b600624ff9137312d8b1d0f517064dfc39999352ab659f0",
                "sha256:4265681e77f5ac5bac0905812b828c9fe1ce80c6f3e3f8574acfb5643aeabc5b",
                "sha256:550695c4e7313555549aa1cdb978dc9413d61307531f123558e438871a883d63",
                "sha256:5f4d42baed3a14c290a078e2696c5f565501abde1b2f3f1a1c0a94fbf6fbcc39",
                "sha256:62dd71dbed8cc6a18379700701d959307823b3b2451bdc018594c48956ace745",
                "sha256:7040547e5b882349c0a2cc9b50674b1745db551f330746af434aad4f09fba2cc",
                "sha256:7e099fde2cce8b29434684f82977db4e24f0efa8b0508179fce1602d103296a2",
                "sha256:7e5c9a5012b2b33e87980cee7d1c82412b2ebabcb5862d53413ba1a2cfde23aa",
                "sha256:81295629128f929e73be4ccfdd943a0906e5fe3cdb0d43ff1e5144d16fbb52b1",
                "sha256:95cc574b0b83b85be9917d37cd2fad0ce5a0d21b024e1a5804d044aabea636fc",
                "sha256:968d5c5702da15c5bf8e4a6e4b67a4d92164e334e9c0b6acf080106678230b98",
                "sha256:9e998ba87df77a85c7bed53240a7257afe51a07ee6bc3445a0bf841886da0b97",
                "sha256:a0c39e2535a7e9c195af956610dba5a1073071d2d85e9d2e5d789463f63e52ab",
                "sha256:a15e75d284178afe529a536b0e8b28b7e107ef39626a7809b4ee64ff3abc9127",
                "sha256:a6a6ff82f5f9b9702478035d8f6fb6903885653bff7ec3a1e011edc9b1a7168d",
                "sha256:b639f72b95389620c1f881d94739c614d385406ab1d6926a9ffe1c8abbea23fe",
                "sha256:bad44274b151d46619a7567010f7cde23a908c6faa84b97598fd2f474a0c6891",
                "sha256:bbcef00d09a30948756c5968863316c949d9cedbc7aabac5e8f0ffbdb632e5f1",
                "sha256:d788a3999014ddf416f2dc454efa4a5dbeda657c6aba031cf363741273804c6b",
                "sha256:eed88ae03e1ef3a75a0e96a55a99d7937ed03e53d0cffc2451c208db445a2966",
                "sha256:f99451f3a579e73b5dd58b1b08d1179791d49084371d9a47baad3b22417f0317"
            ],
            "version": "==4.6.0"
=======
        "wtforms": {
            "hashes": [
                "sha256:0cdbac3e7f6878086c334aa25dc5a33869a3954e9d1e015130d65a69309b3b61",
                "sha256:e3ee092c827582c50877cdbd49e9ce6d2c5c1f6561f849b3b068c1b8029626f1"
            ],
            "index": "pypi",
            "version": "==2.2.1"
>>>>>>> Stashed changes
        }
    },
    "develop": {
        "astroid": {
            "hashes": [
                "sha256:bfa089d8ebeccc44c35fb06cc9ebf951d9b47b371d25dc14be85b30fef46267f",
                "sha256:d76f540795deb23b2f4ca6d3e40ab4ff543fdb5c82c083664b8651a4cb129ac7"
            ],
            "version": "==2.2.2"
        },
        "autopep8": {
            "hashes": [
                "sha256:33d2b5325b7e1afb4240814fe982eea3a92ebea712869bfd08b3c0393404248c"
            ],
            "index": "pypi",
            "version": "==1.4.3"
        },
        "isort": {
            "hashes": [
                "sha256:ee5fddfd792e6e1d664ee28f3fbe00dfc26d8d3c6f059ee78f4da4c19718007c",
                "sha256:f19b23b22fb5a919a081bc31aabcc0991614c244d9215267e11abf2ca7b684ce"
            ],
            "version": "==4.3.9"
        },
        "lazy-object-proxy": {
            "hashes": [
                "sha256:0ce34342b419bd8f018e6666bfef729aec3edf62345a53b537a4dcc115746a33",
                "sha256:1b668120716eb7ee21d8a38815e5eb3bb8211117d9a90b0f8e21722c0758cc39",
                "sha256:209615b0fe4624d79e50220ce3310ca1a9445fd8e6d3572a896e7f9146bbf019",
                "sha256:27bf62cb2b1a2068d443ff7097ee33393f8483b570b475db8ebf7e1cba64f088",
                "sha256:27ea6fd1c02dcc78172a82fc37fcc0992a94e4cecf53cb6d73f11749825bd98b",
                "sha256:2c1b21b44ac9beb0fc848d3993924147ba45c4ebc24be19825e57aabbe74a99e",
                "sha256:2df72ab12046a3496a92476020a1a0abf78b2a7db9ff4dc2036b8dd980203ae6",
                "sha256:320ffd3de9699d3892048baee45ebfbbf9388a7d65d832d7e580243ade426d2b",
                "sha256:50e3b9a464d5d08cc5227413db0d1c4707b6172e4d4d915c1c70e4de0bbff1f5",
                "sha256:5276db7ff62bb7b52f77f1f51ed58850e315154249aceb42e7f4c611f0f847ff",
                "sha256:61a6cf00dcb1a7f0c773ed4acc509cb636af2d6337a08f362413c76b2b47a8dd",
                "sha256:6ae6c4cb59f199d8827c5a07546b2ab7e85d262acaccaacd49b62f53f7c456f7",
                "sha256:7661d401d60d8bf15bb5da39e4dd72f5d764c5aff5a86ef52a042506e3e970ff",
                "sha256:7bd527f36a605c914efca5d3d014170b2cb184723e423d26b1fb2fd9108e264d",
                "sha256:7cb54db3535c8686ea12e9535eb087d32421184eacc6939ef15ef50f83a5e7e2",
                "sha256:7f3a2d740291f7f2c111d86a1c4851b70fb000a6c8883a59660d95ad57b9df35",
                "sha256:81304b7d8e9c824d058087dcb89144842c8e0dea6d281c031f59f0acf66963d4",
                "sha256:933947e8b4fbe617a51528b09851685138b49d511af0b6c0da2539115d6d4514",
                "sha256:94223d7f060301b3a8c09c9b3bc3294b56b2188e7d8179c762a1cda72c979252",
                "sha256:ab3ca49afcb47058393b0122428358d2fbe0408cf99f1b58b295cfeb4ed39109",
                "sha256:bd6292f565ca46dee4e737ebcc20742e3b5be2b01556dafe169f6c65d088875f",
                "sha256:cb924aa3e4a3fb644d0c463cad5bc2572649a6a3f68a7f8e4fbe44aaa6d77e4c",
                "sha256:d0fc7a286feac9077ec52a927fc9fe8fe2fabab95426722be4c953c9a8bede92",
                "sha256:ddc34786490a6e4ec0a855d401034cbd1242ef186c20d79d2166d6a4bd449577",
                "sha256:e34b155e36fa9da7e1b7c738ed7767fc9491a62ec6af70fe9da4a057759edc2d",
                "sha256:e5b9e8f6bda48460b7b143c3821b21b452cb3a835e6bbd5dd33aa0c8d3f5137d",
                "sha256:e81ebf6c5ee9684be8f2c87563880f93eedd56dd2b6146d8a725b50b7e5adb0f",
                "sha256:eb91be369f945f10d3a49f5f9be8b3d0b93a4c2be8f8a5b83b0571b8123e0a7a",
                "sha256:f460d1ceb0e4a5dcb2a652db0904224f367c9b3c1470d5a7683c0480e582468b"
            ],
            "version": "==1.3.1"
        },
        "mccabe": {
            "hashes": [
                "sha256:ab8a6258860da4b6677da4bd2fe5dc2c659cff31b3ee4f7f5d64e79735b80d42",
                "sha256:dd8d182285a0fe56bace7f45b5e7d1a6ebcbf524e8f3bd87eb0f125271b8831f"
            ],
            "version": "==0.6.1"
        },
        "pycodestyle": {
            "hashes": [
                "sha256:95a2219d12372f05704562a14ec30bc76b05a5b297b21a5dfe3f6fac3491ae56",
                "sha256:e40a936c9a450ad81df37f549d676d127b1b66000a6c500caa2b085bc0ca976c"
            ],
            "version": "==2.5.0"
        },
        "pylint": {
            "hashes": [
                "sha256:5d77031694a5fb97ea95e828c8d10fc770a1df6eb3906067aaed42201a8a6a09",
                "sha256:723e3db49555abaf9bf79dc474c6b9e2935ad82230b10c1138a71ea41ac0fff1"
            ],
            "index": "pypi",
            "version": "==2.3.1"
        },
        "six": {
            "hashes": [
                "sha256:3350809f0555b11f552448330d0b52d5f24c91a322ea4a15ef22629740f3761c",
                "sha256:d16a0141ec1a18405cd4ce8b4613101da75da0e9a7aec5bdd4fa804d0e0eba73"
            ],
            "version": "==1.12.0"
        },
        "typed-ast": {
            "hashes": [
                "sha256:035a54ede6ce1380599b2ce57844c6554666522e376bd111eb940fbc7c3dad23",
                "sha256:037c35f2741ce3a9ac0d55abfcd119133cbd821fffa4461397718287092d9d15",
                "sha256:049feae7e9f180b64efacbdc36b3af64a00393a47be22fa9cb6794e68d4e73d3",
                "sha256:19228f7940beafc1ba21a6e8e070e0b0bfd1457902a3a81709762b8b9039b88d",
                "sha256:2ea681e91e3550a30c2265d2916f40a5f5d89b59469a20f3bad7d07adee0f7a6",
                "sha256:3a6b0a78af298d82323660df5497bcea0f0a4a25a0b003afd0ce5af049bd1f60",
                "sha256:5385da8f3b801014504df0852bf83524599df890387a3c2b17b7caa3d78b1773",
                "sha256:606d8afa07eef77280c2bf84335e24390055b478392e1975f96286d99d0cb424",
                "sha256:69245b5b23bbf7fb242c9f8f08493e9ecd7711f063259aefffaeb90595d62287",
                "sha256:6f6d839ab09830d59b7fa8fb6917023d8cb5498ee1f1dbd82d37db78eb76bc99",
                "sha256:730888475f5ac0e37c1de4bd05eeb799fdb742697867f524dc8a4cd74bcecc23",
                "sha256:9819b5162ffc121b9e334923c685b0d0826154e41dfe70b2ede2ce29034c71d8",
                "sha256:9e60ef9426efab601dd9aa120e4ff560f4461cf8442e9c0a2b92548d52800699",
                "sha256:af5fbdde0690c7da68e841d7fc2632345d570768ea7406a9434446d7b33b0ee1",
                "sha256:b64efdbdf3bbb1377562c179f167f3bf301251411eb5ac77dec6b7d32bcda463",
                "sha256:bac5f444c118aeb456fac1b0b5d14c6a71ea2a42069b09c176f75e9bd4c186f6",
                "sha256:bda9068aafb73859491e13b99b682bd299c1b5fd50644d697533775828a28ee0",
                "sha256:d659517ca116e6750101a1326107d3479028c5191f0ecee3c7203c50f5b915b0",
                "sha256:eddd3fb1f3e0f82e5915a899285a39ee34ce18fd25d89582bc89fc9fb16cd2c6"
            ],
            "markers": "python_version >= '3.7' and implementation_name == 'cpython'",
            "version": "==1.3.1"
        },
        "wrapt": {
            "hashes": [
                "sha256:4aea003270831cceb8a90ff27c4031da6ead7ec1886023b80ce0dfe0adf61533"
            ],
            "version": "==1.11.1"
        }
    }
}
