{
    "_meta": {
        "hash": {
            "sha256": "1efae2abe0bbb0bcf414599b8121dbb91459db3a4ebc81e05775afdecddf7046"
        },
        "pipfile-spec": 6,
        "requires": {
            "python_version": "3.7"
        },
        "sources": [
            {
                "name": "pypi",
                "url": "https://pypi.org/simple",
                "verify_ssl": true
            }
        ]
    },
    "default": {
        "btrees": {
            "hashes": [
                "sha256:00184658f44a7ffee63f3025064b8e6dff0e15017a333bec5764db96a8105afe",
                "sha256:03fac05d577e828bfca57e75e68758ab0ad6a3ca729654c46615160a6d22fb7b",
                "sha256:0bb33f9934e2da2a96286364ea45f0c14b5cbef06a5bc470d1e4a65fff206f5f",
                "sha256:0d99375d90702784dfb2de73a5bffabbfa7e2360552f07390ddd51a1fd4aa628",
                "sha256:125da38910d7824361daaf0b3ee4ef0dde503500c6411ef9ff9ab885fc16fb1c",
                "sha256:1b5281040aaba7b713ad7ae39a251c3eeaee611413debeea8951d27839c09367",
                "sha256:2223996cfd33a54a05fa554aa59d1c87a45a8b3324e61e202e9ba30e9b237fad",
                "sha256:24d8d17f623004962ed9465fe93e22333dd6c046942461c45ff9b86ef38af369",
                "sha256:2acad394a6cf02277696a43f5d46a560565941ff2b729170bf13758724cbec21",
                "sha256:416c31c22a6a53a1a34d392319397048b00d1f99036399630634526e4caab7ba",
                "sha256:429f7c5b839935fe57ef84e149eb955602139accfcc20d284aa02253bf84dcd6",
                "sha256:64ab1f1075b853cbf7ab7a137619eadefc0119d6ad89ab9c21b2db44de56075b",
                "sha256:68f4f5d7b737c37fd96424d4ce5056b79ec540ea558a5ebf48f1dd9e98863c7e",
                "sha256:728f74faada31ff4f181f1c4a5edfe8c2c63f06318457552fabf9aba4bbda79f",
                "sha256:73b585737af603a509600e1de3ec51022db6e24728c4d47d14c9240436611e4a",
                "sha256:7c02e633d763e6a98af86eb5cc1517826cb717e86ea4daba60cd2674a48bf704",
                "sha256:86528547a9aacb4d9f1883a3ec0534ecc2ad819d0e65aa6f8a425e0cfa5a21c6",
                "sha256:9fbc8cf9c81c1ccbb87c4f45027e14c7875ca243238afd671fea8b0b9a384653",
                "sha256:a0ab5431c2b9f041a1b6a3d58c368e123c54c692dbb0e7dfce2fa2a40ecdd5c9",
                "sha256:a9c3ade43191655e7b45fd2ccb79e6b9ef0a4c4f15b9bdee7d3893c3e9333f14",
                "sha256:bed965c1d2f4b84f7e4a23f0ccc2c3bb1c8d5c011ce338692fcd6d79095be6d1",
                "sha256:c392818ac04a8a7832a20894d9c76096a409a7761d9a83fc6c8e0dc8854cd12e",
                "sha256:d0b5097f12391e5c1745cc230daedd55d04b68b7c65f7544933335bfb761e911",
                "sha256:d203ac51328629397a66cd855429cd71bc1ad81506be3d93b01e75eefce43be8",
                "sha256:d977b39821331c8aab16ce9635eabc2287d3f26d9c6a76dfd29e55c8e58ffc48",
                "sha256:dcc096c3cf92efd6b9365951f89118fd30bc209c9af83bf050a28151a9992786",
                "sha256:e8f9019ec9485312d2c7bfacb6d2cb6c7af8a93f308f0ec229170b10bfd7a243",
                "sha256:fae16e7597f9a5f87c88dfbf582cd2f14a04b440b5249c23c415e63f6927fc10"
            ],
            "version": "==4.5.1"
        },
        "click": {
            "hashes": [
                "sha256:2335065e6395b9e67ca716de5f7526736bfa6ceead690adf616d925bdc622b13",
                "sha256:5b94b49521f6456670fdb30cd82a4eca9412788a93fa6dd6df72c94d5a8ff2d7"
            ],
            "version": "==7.0"
        },
        "flask": {
            "hashes": [
                "sha256:2271c0070dbcb5275fad4a82e29f23ab92682dc45f9dfbc22c02ba9b9322ce48",
                "sha256:a080b744b7e345ccfcbc77954861cb05b3c63786e93f2b3875e0913d44b43f05"
            ],
            "index": "pypi",
            "version": "==1.0.2"
        },
        "itsdangerous": {
            "hashes": [
                "sha256:321b033d07f2a4136d3ec762eac9f16a10ccd60f53c0c91af90217ace7ba1f19",
                "sha256:b12271b2047cb23eeb98c8b5622e2e5c5e9abd9784a153e9d8ef9cb4dd09d749"
            ],
            "version": "==1.1.0"
        },
        "jinja2": {
            "hashes": [
                "sha256:74c935a1b8bb9a3947c50a54766a969d4846290e1e788ea44c1392163723c3bd",
                "sha256:f84be1bb0040caca4cea721fcbbbbd61f9be9464ca236387158b0feea01914a4"
            ],
            "index": "pypi",
            "version": "==2.10"
        },
        "markupsafe": {
            "hashes": [
                "sha256:048ef924c1623740e70204aa7143ec592504045ae4429b59c30054cb31e3c432",
                "sha256:130f844e7f5bdd8e9f3f42e7102ef1d49b2e6fdf0d7526df3f87281a532d8c8b",
                "sha256:19f637c2ac5ae9da8bfd98cef74d64b7e1bb8a63038a3505cd182c3fac5eb4d9",
                "sha256:1b8a7a87ad1b92bd887568ce54b23565f3fd7018c4180136e1cf412b405a47af",
                "sha256:1c25694ca680b6919de53a4bb3bdd0602beafc63ff001fea2f2fc16ec3a11834",
                "sha256:1f19ef5d3908110e1e891deefb5586aae1b49a7440db952454b4e281b41620cd",
                "sha256:1fa6058938190ebe8290e5cae6c351e14e7bb44505c4a7624555ce57fbbeba0d",
                "sha256:31cbb1359e8c25f9f48e156e59e2eaad51cd5242c05ed18a8de6dbe85184e4b7",
                "sha256:3e835d8841ae7863f64e40e19477f7eb398674da6a47f09871673742531e6f4b",
                "sha256:4e97332c9ce444b0c2c38dd22ddc61c743eb208d916e4265a2a3b575bdccb1d3",
                "sha256:525396ee324ee2da82919f2ee9c9e73b012f23e7640131dd1b53a90206a0f09c",
                "sha256:52b07fbc32032c21ad4ab060fec137b76eb804c4b9a1c7c7dc562549306afad2",
                "sha256:52ccb45e77a1085ec5461cde794e1aa037df79f473cbc69b974e73940655c8d7",
                "sha256:5c3fbebd7de20ce93103cb3183b47671f2885307df4a17a0ad56a1dd51273d36",
                "sha256:5e5851969aea17660e55f6a3be00037a25b96a9b44d2083651812c99d53b14d1",
                "sha256:5edfa27b2d3eefa2210fb2f5d539fbed81722b49f083b2c6566455eb7422fd7e",
                "sha256:7d263e5770efddf465a9e31b78362d84d015cc894ca2c131901a4445eaa61ee1",
                "sha256:83381342bfc22b3c8c06f2dd93a505413888694302de25add756254beee8449c",
                "sha256:857eebb2c1dc60e4219ec8e98dfa19553dae33608237e107db9c6078b1167856",
                "sha256:98e439297f78fca3a6169fd330fbe88d78b3bb72f967ad9961bcac0d7fdd1550",
                "sha256:bf54103892a83c64db58125b3f2a43df6d2cb2d28889f14c78519394feb41492",
                "sha256:d9ac82be533394d341b41d78aca7ed0e0f4ba5a2231602e2f05aa87f25c51672",
                "sha256:e982fe07ede9fada6ff6705af70514a52beb1b2c3d25d4e873e82114cf3c5401",
                "sha256:edce2ea7f3dfc981c4ddc97add8a61381d9642dc3273737e756517cc03e84dd6",
                "sha256:efdc45ef1afc238db84cb4963aa689c0408912a0239b0721cb172b4016eb31d6",
                "sha256:f137c02498f8b935892d5c0172560d7ab54bc45039de8805075e19079c639a9c",
                "sha256:f82e347a72f955b7017a39708a3667f106e6ad4d10b25f237396a7115d8ed5fd",
                "sha256:fb7c206e01ad85ce57feeaaa0bf784b97fa3cad0d4a5737bc5295785f5c613a1"
            ],
            "version": "==1.1.0"
        },
        "persistent": {
            "hashes": [
                "sha256:0cb01d465fa38834ccfbf6e0221e8ca4423e3b5bd0e57a5184c7200724ec87dd",
                "sha256:0dee103f45f973864342bdc5391ad49f348fb769f1e0d9db555b41adddfaee2f",
                "sha256:19f8626d9356ad33ac9c15f36db34c6a67a43e056868c5c6888d52d6d0d15e93",
                "sha256:1cf2ebe71bbb2e13f89a05b495ce1cc6bc82cb97b2637e5212b3bce5b636c6d8",
                "sha256:26750c923945a90194ef21a68e816e72b26c099051f2b1533dc7f9ba383824ad",
                "sha256:364d1973b8633eb3b8998caf4dc78fcaa6222a5d9555ae70f151ad931b9bec04",
                "sha256:463502049882394e5a552b3911903c26b6eab371e96da852063b01134326267f",
                "sha256:53cdf664708c53072130485c6646b00162a246bd64db850895d1944394c1897d",
                "sha256:5914a8299428b5a4e6f81ee692768584e4efaadc959fcaf4bd759ffe813e8a43",
                "sha256:5c2cb1041d306a0a6f4ece13281f56792d8d739c12ae2aeff7bada9ff687177b",
                "sha256:5e9501d9e7663789a07d0a64d6f7d88858a5b4dac96d65a2aa3af2be09a1c766",
                "sha256:6765eab176cde56a492666952b97eaaa79742e5e6fc17efcd1b6d0be9d471116",
                "sha256:8f7f840365913a01eedd8ae706578fda613c71ecc21595d563d28f408d69beb2",
                "sha256:9a9767803a0cdbce8fab6c9719d877ec56410a363b30baf4f35c3ff3d1495169",
                "sha256:a97d94663264e765ddd3fe7246e47e0b74e54b0fa5ab1e3de1404ff91e89ceaf",
                "sha256:b1d77fa947f03f23802061db874914f2951db24786e2fd63339165877e5fb03e",
                "sha256:d49b0fb3edb2ebd288c9877c09c08035ba57e1cc91cf8dd0599a6a578bbe474d"
            ],
            "version": "==4.4.3"
        },
        "six": {
            "hashes": [
                "sha256:3350809f0555b11f552448330d0b52d5f24c91a322ea4a15ef22629740f3761c",
                "sha256:d16a0141ec1a18405cd4ce8b4613101da75da0e9a7aec5bdd4fa804d0e0eba73"
            ],
            "version": "==1.12.0"
        },
        "transaction": {
            "hashes": [
                "sha256:726059c461b9ec4e69e5bead6680667a3db01bf2adf901f23e4031228a0f9f9f",
                "sha256:b96a5e9aaa73f905759bc9ccf0021bf4864c01ac36666e0d28395e871f6d584a"
            ],
            "version": "==2.4.0"
        },
        "werkzeug": {
            "hashes": [
                "sha256:c3fd7a7d41976d9f44db327260e263132466836cef6f91512889ed60ad26557c",
                "sha256:d5da73735293558eb1651ee2fddc4d0dedcfa06538b8813a2e20011583c9e49b"
            ],
            "version": "==0.14.1"
        },
        "zc.lockfile": {
            "hashes": [
                "sha256:95a8e3846937ab2991b61703d6e0251d5abb9604e18412e2714e1b90db173253"
            ],
            "version": "==1.4"
        },
        "zconfig": {
            "hashes": [
                "sha256:560f779c7dcca0593083cbdb3fac9bfc7974cd5061363e2254844192e5644998",
                "sha256:db23bb0c493593ff04f3474b937758c72a01878910bcaa34b1e4e5971c07f090"
            ],
            "version": "==3.4.0"
        },
        "zodb": {
            "hashes": [
                "sha256:20155942fa326e89ad8544225bafd74237af332ce9d7c7105a22318fe8269666",
                "sha256:7b25ecb452033e1b26be30ec5a65ebb004044c9ed4312d62f94b0d0de8e185b5"
            ],
            "index": "pypi",
            "version": "==5.5.1"
        },
        "zodbpickle": {
            "hashes": [
                "sha256:151531eb995fdc55d03b83c4c526053cbe279ee2d706ac605a17f8645f0bb4fb",
                "sha256:44c87aef6e55f7e652f3249ff9ce7735ce4cf9902c58763dba240b6564eca4ce",
                "sha256:55f62460652fe4835b790d58ec5f5c70caca151fb9ac834d45c1b0b17d67ff6e",
                "sha256:6da9aa57b7d39854fadaf8eae46a10ace61fcd830757ad028767faef780a6051",
                "sha256:7390e8c604b37552a917dfeacc1c563f95c2e1e63956fabf15c0662dde4def8a",
                "sha256:7e0e694718aaad4ac0aa6e7689e6c1023a87df7192a605e5d42caef76ea3be54",
                "sha256:89d09bd0a40c76f98301e9705f9111672f6e49684c2c138f3dcecd7bd56348f2",
                "sha256:8bc6c85fd149cc38cb2cdda708ccad6573569b968ae07e38d93686f0b470b818",
                "sha256:8ec08f2e0adfe6b0905356493d0deb58f87c11fa0336d823ae22e125435c0440",
                "sha256:a29e6691c413910d66a73d410e75cfb37d5dfe689c6266e931707be4a3808a16",
                "sha256:a975ecde3f76095bd443f8cae9b659680eb24f52232a3abca7b69cfa7fdaecff",
                "sha256:ab140b34df795239068b4dcd5e42fa55fd3c1303e54a61fa5146a51b98f61bad",
                "sha256:adb31b824c40c2c7348c35bf927e97cc31518fc6d7ffc7c68345fd530625015d",
                "sha256:affbe5d75e63e2f501ce6d40847ad5d6e0f6fddb66d83c9376282d37263449e7",
                "sha256:b81bf0cd470fbe7f4eb4b47d288797db5eb699b2eb07fb3f844cd4daa6e06632",
                "sha256:c0bb4f330707f69bb3baa599815f5a036aaca8f2530acbcf84b9a4ae6859dd9c",
                "sha256:ca27df6cc27ed71bbcb231ad7cae3bc51a87294492db26f9b32cd036f1773e52",
                "sha256:ce435e45ceea444819157a665d4bccaf37a521d9c0fdc22406773ead49d983b3",
                "sha256:d8303b55a05e97d9becdac7aaad6e214f8ff2baeed6acbb3410e6c7bdbd4f165",
                "sha256:d9a9fd6c6096f68c345d0ab05f3af2516883e89cc619dfc70dff1fd90509c5dc",
                "sha256:df81226438e4eac1a0c073c9dee96e0a119b94b8eefe8d51761a93efd79cc380",
                "sha256:e211b90e319587ca3e038b85e3b87b66766ed4886d62cf2742a7d01cbdfe19ce",
                "sha256:e4b78b75874c9e2328614f81d8103a5ae6d5001e254875ded2d04e7561913096",
                "sha256:ec4c2a3e2137fb37873d8cc76cc3ab7412dd1a3cde56279fc5992635f330792b",
                "sha256:ed13fc8a0312e5cfd3965d6241fc8398f2f8b0849b975ba65f0e5ab336e538e0",
                "sha256:edd0ca560b2cba0d91d82f1d054218b9fa064be391cfb138e373ab0cf1f0e056",
                "sha256:edde7a22675de3ec029917205bb49ff53f338aa5f2536204229128270c021ee5",
                "sha256:fbebb035641386ce794d3a9ceb4e12ca47d8b0b7adade39f81ce877827098fb6"
            ],
            "version": "==1.0.3"
        },
        "zope.interface": {
            "hashes": [
                "sha256:086707e0f413ff8800d9c4bc26e174f7ee4c9c8b0302fbad68d083071822316c",
                "sha256:1157b1ec2a1f5bf45668421e3955c60c610e31913cc695b407a574efdbae1f7b",
                "sha256:11ebddf765bff3bbe8dbce10c86884d87f90ed66ee410a7e6c392086e2c63d02",
                "sha256:14b242d53f6f35c2d07aa2c0e13ccb710392bcd203e1b82a1828d216f6f6b11f",
                "sha256:1b3d0dcabc7c90b470e59e38a9acaa361be43b3a6ea644c0063951964717f0e5",
                "sha256:20a12ab46a7e72b89ce0671e7d7a6c3c1ca2c2766ac98112f78c5bddaa6e4375",
                "sha256:298f82c0ab1b182bd1f34f347ea97dde0fffb9ecf850ecf7f8904b8442a07487",
                "sha256:2f6175722da6f23dbfc76c26c241b67b020e1e83ec7fe93c9e5d3dd18667ada2",
                "sha256:3b877de633a0f6d81b600624ff9137312d8b1d0f517064dfc39999352ab659f0",
                "sha256:4265681e77f5ac5bac0905812b828c9fe1ce80c6f3e3f8574acfb5643aeabc5b",
                "sha256:550695c4e7313555549aa1cdb978dc9413d61307531f123558e438871a883d63",
                "sha256:5f4d42baed3a14c290a078e2696c5f565501abde1b2f3f1a1c0a94fbf6fbcc39",
                "sha256:62dd71dbed8cc6a18379700701d959307823b3b2451bdc018594c48956ace745",
                "sha256:7040547e5b882349c0a2cc9b50674b1745db551f330746af434aad4f09fba2cc",
                "sha256:7e099fde2cce8b29434684f82977db4e24f0efa8b0508179fce1602d103296a2",
                "sha256:7e5c9a5012b2b33e87980cee7d1c82412b2ebabcb5862d53413ba1a2cfde23aa",
                "sha256:81295629128f929e73be4ccfdd943a0906e5fe3cdb0d43ff1e5144d16fbb52b1",
                "sha256:95cc574b0b83b85be9917d37cd2fad0ce5a0d21b024e1a5804d044aabea636fc",
                "sha256:968d5c5702da15c5bf8e4a6e4b67a4d92164e334e9c0b6acf080106678230b98",
                "sha256:9e998ba87df77a85c7bed53240a7257afe51a07ee6bc3445a0bf841886da0b97",
                "sha256:a0c39e2535a7e9c195af956610dba5a1073071d2d85e9d2e5d789463f63e52ab",
                "sha256:a15e75d284178afe529a536b0e8b28b7e107ef39626a7809b4ee64ff3abc9127",
                "sha256:a6a6ff82f5f9b9702478035d8f6fb6903885653bff7ec3a1e011edc9b1a7168d",
                "sha256:b639f72b95389620c1f881d94739c614d385406ab1d6926a9ffe1c8abbea23fe",
                "sha256:bad44274b151d46619a7567010f7cde23a908c6faa84b97598fd2f474a0c6891",
                "sha256:bbcef00d09a30948756c5968863316c949d9cedbc7aabac5e8f0ffbdb632e5f1",
                "sha256:d788a3999014ddf416f2dc454efa4a5dbeda657c6aba031cf363741273804c6b",
                "sha256:eed88ae03e1ef3a75a0e96a55a99d7937ed03e53d0cffc2451c208db445a2966",
                "sha256:f99451f3a579e73b5dd58b1b08d1179791d49084371d9a47baad3b22417f0317"
            ],
            "version": "==4.6.0"
        }
    },
    "develop": {
        "astroid": {
            "hashes": [
                "sha256:35b032003d6a863f5dcd7ec11abd5cd5893428beaa31ab164982403bcb311f22",
                "sha256:6a5d668d7dc69110de01cdf7aeec69a679ef486862a0850cc0fd5571505b6b7e"
            ],
            "version": "==2.1.0"
        },
        "isort": {
            "hashes": [
                "sha256:1153601da39a25b14ddc54955dbbacbb6b2d19135386699e2ad58517953b34af",
                "sha256:b9c40e9750f3d77e6e4d441d8b0266cf555e7cdabdcff33c4fd06366ca761ef8",
                "sha256:ec9ef8f4a9bc6f71eec99e1806bfa2de401650d996c59330782b89a5555c1497"
            ],
            "version": "==4.3.4"
        },
        "lazy-object-proxy": {
            "hashes": [
                "sha256:0ce34342b419bd8f018e6666bfef729aec3edf62345a53b537a4dcc115746a33",
                "sha256:1b668120716eb7ee21d8a38815e5eb3bb8211117d9a90b0f8e21722c0758cc39",
                "sha256:209615b0fe4624d79e50220ce3310ca1a9445fd8e6d3572a896e7f9146bbf019",
                "sha256:27bf62cb2b1a2068d443ff7097ee33393f8483b570b475db8ebf7e1cba64f088",
                "sha256:27ea6fd1c02dcc78172a82fc37fcc0992a94e4cecf53cb6d73f11749825bd98b",
                "sha256:2c1b21b44ac9beb0fc848d3993924147ba45c4ebc24be19825e57aabbe74a99e",
                "sha256:2df72ab12046a3496a92476020a1a0abf78b2a7db9ff4dc2036b8dd980203ae6",
                "sha256:320ffd3de9699d3892048baee45ebfbbf9388a7d65d832d7e580243ade426d2b",
                "sha256:50e3b9a464d5d08cc5227413db0d1c4707b6172e4d4d915c1c70e4de0bbff1f5",
                "sha256:5276db7ff62bb7b52f77f1f51ed58850e315154249aceb42e7f4c611f0f847ff",
                "sha256:61a6cf00dcb1a7f0c773ed4acc509cb636af2d6337a08f362413c76b2b47a8dd",
                "sha256:6ae6c4cb59f199d8827c5a07546b2ab7e85d262acaccaacd49b62f53f7c456f7",
                "sha256:7661d401d60d8bf15bb5da39e4dd72f5d764c5aff5a86ef52a042506e3e970ff",
                "sha256:7bd527f36a605c914efca5d3d014170b2cb184723e423d26b1fb2fd9108e264d",
                "sha256:7cb54db3535c8686ea12e9535eb087d32421184eacc6939ef15ef50f83a5e7e2",
                "sha256:7f3a2d740291f7f2c111d86a1c4851b70fb000a6c8883a59660d95ad57b9df35",
                "sha256:81304b7d8e9c824d058087dcb89144842c8e0dea6d281c031f59f0acf66963d4",
                "sha256:933947e8b4fbe617a51528b09851685138b49d511af0b6c0da2539115d6d4514",
                "sha256:94223d7f060301b3a8c09c9b3bc3294b56b2188e7d8179c762a1cda72c979252",
                "sha256:ab3ca49afcb47058393b0122428358d2fbe0408cf99f1b58b295cfeb4ed39109",
                "sha256:bd6292f565ca46dee4e737ebcc20742e3b5be2b01556dafe169f6c65d088875f",
                "sha256:cb924aa3e4a3fb644d0c463cad5bc2572649a6a3f68a7f8e4fbe44aaa6d77e4c",
                "sha256:d0fc7a286feac9077ec52a927fc9fe8fe2fabab95426722be4c953c9a8bede92",
                "sha256:ddc34786490a6e4ec0a855d401034cbd1242ef186c20d79d2166d6a4bd449577",
                "sha256:e34b155e36fa9da7e1b7c738ed7767fc9491a62ec6af70fe9da4a057759edc2d",
                "sha256:e5b9e8f6bda48460b7b143c3821b21b452cb3a835e6bbd5dd33aa0c8d3f5137d",
                "sha256:e81ebf6c5ee9684be8f2c87563880f93eedd56dd2b6146d8a725b50b7e5adb0f",
                "sha256:eb91be369f945f10d3a49f5f9be8b3d0b93a4c2be8f8a5b83b0571b8123e0a7a",
                "sha256:f460d1ceb0e4a5dcb2a652db0904224f367c9b3c1470d5a7683c0480e582468b"
            ],
            "version": "==1.3.1"
        },
        "livereload": {
            "hashes": [
                "sha256:29cadfabcedd12eed792e0131991235b9d4764d4474bed75cf525f57109ec0a2",
                "sha256:e632a6cd1d349155c1d7f13a65be873b38f43ef02961804a1bba8d817fa649a7"
            ],
            "index": "pypi",
            "version": "==2.6.0"
        },
        "mccabe": {
            "hashes": [
                "sha256:ab8a6258860da4b6677da4bd2fe5dc2c659cff31b3ee4f7f5d64e79735b80d42",
                "sha256:dd8d182285a0fe56bace7f45b5e7d1a6ebcbf524e8f3bd87eb0f125271b8831f"
            ],
            "version": "==0.6.1"
        },
        "pylint": {
            "hashes": [
                "sha256:689de29ae747642ab230c6d37be2b969bf75663176658851f456619aacf27492",
                "sha256:771467c434d0d9f081741fec1d64dfb011ed26e65e12a28fe06ca2f61c4d556c"
            ],
            "index": "pypi",
            "version": "==2.2.2"
        },
        "six": {
            "hashes": [
                "sha256:3350809f0555b11f552448330d0b52d5f24c91a322ea4a15ef22629740f3761c",
                "sha256:d16a0141ec1a18405cd4ce8b4613101da75da0e9a7aec5bdd4fa804d0e0eba73"
            ],
            "version": "==1.12.0"
        },
        "tornado": {
            "hashes": [
                "sha256:0662d28b1ca9f67108c7e3b77afabfb9c7e87bde174fbda78186ecedc2499a9d",
                "sha256:4e5158d97583502a7e2739951553cbd88a72076f152b4b11b64b9a10c4c49409",
                "sha256:732e836008c708de2e89a31cb2fa6c0e5a70cb60492bee6f1ea1047500feaf7f",
                "sha256:8154ec22c450df4e06b35f131adc4f2f3a12ec85981a203301d310abf580500f",
                "sha256:8e9d728c4579682e837c92fdd98036bd5cdefa1da2aaf6acf26947e6dd0c01c5",
                "sha256:d4b3e5329f572f055b587efc57d29bd051589fb5a43ec8898c77a47ec2fa2bbb",
                "sha256:e5f2585afccbff22390cddac29849df463b252b711aa2ce7c5f3f342a5b3b444"
            ],
            "version": "==5.1.1"
        },
        "wrapt": {
            "hashes": [
                "sha256:4aea003270831cceb8a90ff27c4031da6ead7ec1886023b80ce0dfe0adf61533"
            ],
            "version": "==1.11.1"
        }
    }
}
